PODS:
  - Flutter (1.0.0)
  - flutter_twitter_login (0.0.1):
    - Flutter
    - TwitterCore
    - TwitterKit5
  - TwitterCore (3.2.0)
  - TwitterKit5 (5.1.0):
    - TwitterCore (>= 3.1.0)

DEPENDENCIES:
  - Flutter (from `/Users/seanwong/SDK/flutter/bin/cache/artifacts/engine/ios`)
  - flutter_twitter_login (from `/Users/seanwong/Projects/flutter_twitter_login/ios`)

SPEC REPOS:
  trunk:
    - TwitterCore
    - TwitterKit5

EXTERNAL SOURCES:
  Flutter:
    :path: "/Users/seanwong/SDK/flutter/bin/cache/artifacts/engine/ios"
  flutter_twitter_login:
    :path: "/Users/seanwong/Projects/flutter_twitter_login/ios"

SPEC CHECKSUMS:
  Flutter: 0e3d915762c693b495b44d77113d4970485de6ec
  flutter_twitter_login: d92b3f7bc85e4543ee31e8a4d94621d2d0e1bd5f
  TwitterCore: 8cbc9ad34d91c63a0035ea05bfbfc0d7ca72a28c
  TwitterKit5: de28c7a3e022f18fd644e0bd61f9fca448991faa

PODFILE CHECKSUM: b05a57e7e08564cb8e77447446e1812e566338e7

COCOAPODS: 1.9.1
